
Microsoft Visual Studio Solution File, Format Version 12.00
# Visual Studio Version 16
VisualStudioVersion = 16.0.30002.166
MinimumVisualStudioVersion = 10.0.40219.1
Project("{9A19103F-16F7-4668-BE54-9A1E7A4F7556}") = "UkrgoParser.BLL", "UkrgoParser.BLL\UkrgoParser.BLL.csproj", "{A0378070-5782-484B-8998-8FB958A1A97A}"
EndProject
Project("{9A19103F-16F7-4668-BE54-9A1E7A4F7556}") = "UkrgoParser.App", "UkrgoParser.App\UkrgoParser.App.csproj", "{F3AFFFFA-4307-40CA-9CAF-7661D23FD732}"
EndProject
Global
	GlobalSection(SolutionConfigurationPlatforms) = preSolution
		Debug|Any CPU = Debug|Any CPU
		Release|Any CPU = Release|Any CPU
	EndGlobalSection
	GlobalSection(ProjectConfigurationPlatforms) = postSolution
		{A0378070-5782-484B-8998-8FB958A1A97A}.Debug|Any CPU.ActiveCfg = Debug|Any CPU
		{A0378070-5782-484B-8998-8FB958A1A97A}.Debug|Any CPU.Build.0 = Debug|Any CPU
		{A0378070-5782-484B-8998-8FB958A1A97A}.Release|Any CPU.ActiveCfg = Release|Any CPU
		{A0378070-5782-484B-8998-8FB958A1A97A}.Release|Any CPU.Build.0 = Release|Any CPU
		{F3AFFFFA-4307-40CA-9CAF-7661D23FD732}.Debug|Any CPU.ActiveCfg = Debug|Any CPU
		{F3AFFFFA-4307-40CA-9CAF-7661D23FD732}.Debug|Any CPU.Build.0 = Debug|Any CPU
		{F3AFFFFA-4307-40CA-9CAF-7661D23FD732}.Release|Any CPU.ActiveCfg = Release|Any CPU
		{F3AFFFFA-4307-40CA-9CAF-7661D23FD732}.Release|Any CPU.Build.0 = Release|Any CPU
	EndGlobalSection
	GlobalSection(SolutionProperties) = preSolution
		HideSolutionNode = FALSE
	EndGlobalSection
	GlobalSection(ExtensibilityGlobals) = postSolution
		SolutionGuid = {6A68B824-BF03-40CE-B295-326D98F17067}
	EndGlobalSection
EndGlobal
